
Microsoft Visual Studio Solution File, Format Version 12.00
# Visual Studio Version 17
VisualStudioVersion = 17.14.37628.2 d17.14
MinimumVisualStudioVersion = 10.0.40219.1
Project("{8BC9CEB8-8B4A-11D0-8D11-00A0C91BC942}") = "дз к лабораторной 1", "дз к лабораторной 1\дз к лабораторной 1.vcxproj", "{351B738F-FE58-4FF9-81FC-939CA3D8B0A1}"
EndProject
Global
	GlobalSection(SolutionConfigurationPlatforms) = preSolution
		Debug|x64 = Debug|x64
		Debug|x86 = Debug|x86
		Release|x64 = Release|x64
		Release|x86 = Release|x86
	EndGlobalSection
	GlobalSection(ProjectConfigurationPlatforms) = postSolution
		{351B738F-FE58-4FF9-81FC-939CA3D8B0A1}.Debug|x64.ActiveCfg = Debug|x64
		{351B738F-FE58-4FF9-81FC-939CA3D8B0A1}.Debug|x64.Build.0 = Debug|x64
		{351B738F-FE58-4FF9-81FC-939CA3D8B0A1}.Debug|x86.ActiveCfg = Debug|Win32
		{351B738F-FE58-4FF9-81FC-939CA3D8B0A1}.Debug|x86.Build.0 = Debug|Win32
		{351B738F-FE58-4FF9-81FC-939CA3D8B0A1}.Release|x64.ActiveCfg = Release|x64
		{351B738F-FE58-4FF9-81FC-939CA3D8B0A1}.Release|x64.Build.0 = Release|x64
		{351B738F-FE58-4FF9-81FC-939CA3D8B0A1}.Release|x86.ActiveCfg = Release|Win32
		{351B738F-FE58-4FF9-81FC-939CA3D8B0A1}.Release|x86.Build.0 = Release|Win32
	EndGlobalSection
	GlobalSection(SolutionProperties) = preSolution
		HideSolutionNode = FALSE
	EndGlobalSection
	GlobalSection(ExtensibilityGlobals) = postSolution
		SolutionGuid = {A0F5C57B-7A62-4E7A-BB12-DC0F9923BD58}
	EndGlobalSection
EndGlobal
